
Microsoft Visual Studio Solution File, Format Version 12.00
# Visual Studio Version 17
VisualStudioVersion = 17.3.32929.385
MinimumVisualStudioVersion = 10.0.40219.1
Project("{9A19103F-16F7-4668-BE54-9A1E7A4F7556}") = "PosConsole", "PosConsole.csproj", "{32E8D156-73D5-40BA-9357-923E3ECB98F8}"
EndProject
Project("{9A19103F-16F7-4668-BE54-9A1E7A4F7556}") = "Pos.BL.Implementation", "..\PosTest.BL\Pos.BL.Implementation.csproj", "{1EB494DC-1DA4-4E16-B2BF-B382C3E8D1BB}"
EndProject
Project("{9A19103F-16F7-4668-BE54-9A1E7A4F7556}") = "Pos.BL.Interfaces", "..\Pos.BL.Interfaces\Pos.BL.Interfaces.csproj", "{2E317827-C17A-4264-8914-716FEB6997F3}"
EndProject
Project("{9A19103F-16F7-4668-BE54-9A1E7A4F7556}") = "Pos.Entities", "..\Pos.Model\Pos.Entities.csproj", "{B53D7F1B-28B7-4E12-9E01-EF6DE66F9451}"
EndProject
Project("{2150E333-8FDC-42A3-9474-1A3956D46DE8}") = "Solution Items", "Solution Items", "{D15EBB4F-F550-4C0E-912B-47A18438ADA3}"
	ProjectSection(SolutionItems) = preProject
		Class1.cs = Class1.cs
	EndProjectSection
EndProject
Global
	GlobalSection(SolutionConfigurationPlatforms) = preSolution
		Debug|Any CPU = Debug|Any CPU
		Release|Any CPU = Release|Any CPU
	EndGlobalSection
	GlobalSection(ProjectConfigurationPlatforms) = postSolution
		{32E8D156-73D5-40BA-9357-923E3ECB98F8}.Debug|Any CPU.ActiveCfg = Debug|Any CPU
		{32E8D156-73D5-40BA-9357-923E3ECB98F8}.Debug|Any CPU.Build.0 = Debug|Any CPU
		{32E8D156-73D5-40BA-9357-923E3ECB98F8}.Release|Any CPU.ActiveCfg = Release|Any CPU
		{32E8D156-73D5-40BA-9357-923E3ECB98F8}.Release|Any CPU.Build.0 = Release|Any CPU
		{1EB494DC-1DA4-4E16-B2BF-B382C3E8D1BB}.Debug|Any CPU.ActiveCfg = Debug|Any CPU
		{1EB494DC-1DA4-4E16-B2BF-B382C3E8D1BB}.Debug|Any CPU.Build.0 = Debug|Any CPU
		{1EB494DC-1DA4-4E16-B2BF-B382C3E8D1BB}.Release|Any CPU.ActiveCfg = Release|Any CPU
		{1EB494DC-1DA4-4E16-B2BF-B382C3E8D1BB}.Release|Any CPU.Build.0 = Release|Any CPU
		{2E317827-C17A-4264-8914-716FEB6997F3}.Debug|Any CPU.ActiveCfg = Debug|Any CPU
		{2E317827-C17A-4264-8914-716FEB6997F3}.Debug|Any CPU.Build.0 = Debug|Any CPU
		{2E317827-C17A-4264-8914-716FEB6997F3}.Release|Any CPU.ActiveCfg = Release|Any CPU
		{2E317827-C17A-4264-8914-716FEB6997F3}.Release|Any CPU.Build.0 = Release|Any CPU
		{B53D7F1B-28B7-4E12-9E01-EF6DE66F9451}.Debug|Any CPU.ActiveCfg = Debug|Any CPU
		{B53D7F1B-28B7-4E12-9E01-EF6DE66F9451}.Debug|Any CPU.Build.0 = Debug|Any CPU
		{B53D7F1B-28B7-4E12-9E01-EF6DE66F9451}.Release|Any CPU.ActiveCfg = Release|Any CPU
		{B53D7F1B-28B7-4E12-9E01-EF6DE66F9451}.Release|Any CPU.Build.0 = Release|Any CPU
	EndGlobalSection
	GlobalSection(SolutionProperties) = preSolution
		HideSolutionNode = FALSE
	EndGlobalSection
	GlobalSection(ExtensibilityGlobals) = postSolution
		SolutionGuid = {14C40E28-0F20-4B13-B204-7DCC6BB7EBB5}
	EndGlobalSection
EndGlobal
